
Microsoft Visual Studio Solution File, Format Version 12.00
# Visual Studio Version 16
VisualStudioVersion = 16.0.31205.134
MinimumVisualStudioVersion = 10.0.40219.1
Project("{9A19103F-16F7-4668-BE54-9A1E7A4F7556}") = "Practice_Project", "Projects_Vault\Practice Project\Practice_Project.csproj", "{7243B14D-61A2-4AA7-91FE-C6E2E1CDD665}"
EndProject
Project("{9A19103F-16F7-4668-BE54-9A1E7A4F7556}") = "Calculator", "Projects_Vault\Calculator\Calculator\Calculator.csproj", "{113B69B2-F37A-4DE5-AC50-2E358B9742EB}"
EndProject
Project("{9A19103F-16F7-4668-BE54-9A1E7A4F7556}") = "Prac_GUI", "Projects_Vault\Prac_GUI\Prac_GUI.csproj", "{2F28E252-B05D-4DCF-9ECB-7A31D10E52C9}"
EndProject
Project("{FAE04EC0-301F-11D3-BF4B-00C04F79EFBC}") = "AssemblyConceptManageUser", "Projects_Vault\AssemblyConceptManageUser\AssemblyConceptManageUser.csproj", "{A940A6E3-75CE-43E5-B276-FF1C3CF9B1B4}"
EndProject
Global
	GlobalSection(SolutionConfigurationPlatforms) = preSolution
		Debug|Any CPU = Debug|Any CPU
		Release|Any CPU = Release|Any CPU
	EndGlobalSection
	GlobalSection(ProjectConfigurationPlatforms) = postSolution
		{7243B14D-61A2-4AA7-91FE-C6E2E1CDD665}.Debug|Any CPU.ActiveCfg = Debug|Any CPU
		{7243B14D-61A2-4AA7-91FE-C6E2E1CDD665}.Debug|Any CPU.Build.0 = Debug|Any CPU
		{7243B14D-61A2-4AA7-91FE-C6E2E1CDD665}.Release|Any CPU.ActiveCfg = Release|Any CPU
		{7243B14D-61A2-4AA7-91FE-C6E2E1CDD665}.Release|Any CPU.Build.0 = Release|Any CPU
		{113B69B2-F37A-4DE5-AC50-2E358B9742EB}.Debug|Any CPU.ActiveCfg = Debug|Any CPU
		{113B69B2-F37A-4DE5-AC50-2E358B9742EB}.Debug|Any CPU.Build.0 = Debug|Any CPU
		{113B69B2-F37A-4DE5-AC50-2E358B9742EB}.Release|Any CPU.ActiveCfg = Release|Any CPU
		{113B69B2-F37A-4DE5-AC50-2E358B9742EB}.Release|Any CPU.Build.0 = Release|Any CPU
		{2F28E252-B05D-4DCF-9ECB-7A31D10E52C9}.Debug|Any CPU.ActiveCfg = Debug|Any CPU
		{2F28E252-B05D-4DCF-9ECB-7A31D10E52C9}.Debug|Any CPU.Build.0 = Debug|Any CPU
		{2F28E252-B05D-4DCF-9ECB-7A31D10E52C9}.Release|Any CPU.ActiveCfg = Release|Any CPU
		{2F28E252-B05D-4DCF-9ECB-7A31D10E52C9}.Release|Any CPU.Build.0 = Release|Any CPU
		{A940A6E3-75CE-43E5-B276-FF1C3CF9B1B4}.Debug|Any CPU.ActiveCfg = Debug|Any CPU
		{A940A6E3-75CE-43E5-B276-FF1C3CF9B1B4}.Debug|Any CPU.Build.0 = Debug|Any CPU
		{A940A6E3-75CE-43E5-B276-FF1C3CF9B1B4}.Release|Any CPU.ActiveCfg = Release|Any CPU
		{A940A6E3-75CE-43E5-B276-FF1C3CF9B1B4}.Release|Any CPU.Build.0 = Release|Any CPU
	EndGlobalSection
	GlobalSection(SolutionProperties) = preSolution
		HideSolutionNode = FALSE
	EndGlobalSection
	GlobalSection(ExtensibilityGlobals) = postSolution
		SolutionGuid = {A9CBE057-C046-469F-B3A8-B12A6802D9E5}
	EndGlobalSection
EndGlobal
