
Microsoft Visual Studio Solution File, Format Version 12.00
# Visual Studio Version 16
VisualStudioVersion = 16.0.31205.134
MinimumVisualStudioVersion = 10.0.40219.1
Project("{9A19103F-16F7-4668-BE54-9A1E7A4F7556}") = "Numerical Operation", "Numerical Operation\Numerical Operation.csproj", "{39214BCA-95A8-4BE6-8940-E64F5579F88A}"
EndProject
Project("{FAE04EC0-301F-11D3-BF4B-00C04F79EFBC}") = "Practice Project", "Practice Project\Practice Project.csproj", "{32A3FBBA-FD07-4512-9DC9-506863543349}"
EndProject
Global
	GlobalSection(SolutionConfigurationPlatforms) = preSolution
		Debug|Any CPU = Debug|Any CPU
		Release|Any CPU = Release|Any CPU
	EndGlobalSection
	GlobalSection(ProjectConfigurationPlatforms) = postSolution
		{39214BCA-95A8-4BE6-8940-E64F5579F88A}.Debug|Any CPU.ActiveCfg = Debug|Any CPU
		{39214BCA-95A8-4BE6-8940-E64F5579F88A}.Debug|Any CPU.Build.0 = Debug|Any CPU
		{39214BCA-95A8-4BE6-8940-E64F5579F88A}.Release|Any CPU.ActiveCfg = Release|Any CPU
		{39214BCA-95A8-4BE6-8940-E64F5579F88A}.Release|Any CPU.Build.0 = Release|Any CPU
		{32A3FBBA-FD07-4512-9DC9-506863543349}.Debug|Any CPU.ActiveCfg = Debug|Any CPU
		{32A3FBBA-FD07-4512-9DC9-506863543349}.Debug|Any CPU.Build.0 = Debug|Any CPU
		{32A3FBBA-FD07-4512-9DC9-506863543349}.Release|Any CPU.ActiveCfg = Release|Any CPU
		{32A3FBBA-FD07-4512-9DC9-506863543349}.Release|Any CPU.Build.0 = Release|Any CPU
	EndGlobalSection
	GlobalSection(SolutionProperties) = preSolution
		HideSolutionNode = FALSE
	EndGlobalSection
	GlobalSection(ExtensibilityGlobals) = postSolution
		SolutionGuid = {A9CBE057-C046-469F-B3A8-B12A6802D9E5}
	EndGlobalSection
EndGlobal
