
Microsoft Visual Studio Solution File, Format Version 12.00
# Visual Studio Version 16
VisualStudioVersion = 16.0.31205.134
MinimumVisualStudioVersion = 10.0.40219.1
Project("{FAE04EC0-301F-11D3-BF4B-00C04F79EFBC}") = "Calculator", "Calculator\Calculator.csproj", "{32B0ED48-4348-4DE5-9D2D-4A0A4682E46E}"
EndProject
Global
	GlobalSection(SolutionConfigurationPlatforms) = preSolution
		Debug|Any CPU = Debug|Any CPU
		Release|Any CPU = Release|Any CPU
	EndGlobalSection
	GlobalSection(ProjectConfigurationPlatforms) = postSolution
		{32B0ED48-4348-4DE5-9D2D-4A0A4682E46E}.Debug|Any CPU.ActiveCfg = Debug|Any CPU
		{32B0ED48-4348-4DE5-9D2D-4A0A4682E46E}.Debug|Any CPU.Build.0 = Debug|Any CPU
		{32B0ED48-4348-4DE5-9D2D-4A0A4682E46E}.Release|Any CPU.ActiveCfg = Release|Any CPU
		{32B0ED48-4348-4DE5-9D2D-4A0A4682E46E}.Release|Any CPU.Build.0 = Release|Any CPU
	EndGlobalSection
	GlobalSection(SolutionProperties) = preSolution
		HideSolutionNode = FALSE
	EndGlobalSection
	GlobalSection(ExtensibilityGlobals) = postSolution
		SolutionGuid = {B068C52E-3C03-48F9-8A1C-363D2C72B3BF}
	EndGlobalSection
EndGlobal
